// !$*UTF8*$!
{
	archiveVersion = 1;
	classes = {
	};
	objectVersion = 46;
	objects = {

/* Begin PBXBuildFile section */
		3A5467941AEA099F00BC0753 /* main.m in Sources */ = {isa = PBXBuildFile; fileRef = 3A5467931AEA099F00BC0753 /* main.m */; };
		3A5467971AEA099F00BC0753 /* AppDelegate.m in Sources */ = {isa = PBXBuildFile; fileRef = 3A5467961AEA099F00BC0753 /* AppDelegate.m */; };
		3A54679D1AEA099F00BC0753 /* Main.storyboard in Resources */ = {isa = PBXBuildFile; fileRef = 3A54679B1AEA099F00BC0753 /* Main.storyboard */; };
		3A54679F1AEA099F00BC0753 /* Images.xcassets in Resources */ = {isa = PBXBuildFile; fileRef = 3A54679E1AEA099F00BC0753 /* Images.xcassets */; };
		3A5467A21AEA099F00BC0753 /* LaunchScreen.xib in Resources */ = {isa = PBXBuildFile; fileRef = 3A5467A01AEA099F00BC0753 /* LaunchScreen.xib */; };
		3A5467AE1AEA099F00BC0753 /* MyAssessmentTests.m in Sources */ = {isa = PBXBuildFile; fileRef = 3A5467AD1AEA099F00BC0753 /* MyAssessmentTests.m */; };
		3A5467B91AEA0A3600BC0753 /* FirstViewController.m in Sources */ = {isa = PBXBuildFile; fileRef = 3A5467B81AEA0A3600BC0753 /* FirstViewController.m */; };
		3A5467BE1AEA0B6D00BC0753 /* SecondViewController.m in Sources */ = {isa = PBXBuildFile; fileRef = 3A5467BD1AEA0B6D00BC0753 /* SecondViewController.m */; };
		3A5467C11AEA0D0000BC0753 /* CustomButton.m in Sources */ = {isa = PBXBuildFile; fileRef = 3A5467BF1AEA0D0000BC0753 /* CustomButton.m */; };
		3A5467C41AEA27F200BC0753 /* ThirdTableViewController.m in Sources */ = {isa = PBXBuildFile; fileRef = 3A5467C31AEA27F200BC0753 /* ThirdTableViewController.m */; };
/* End PBXBuildFile section */

/* Begin PBXContainerItemProxy section */
		3A5467A81AEA099F00BC0753 /* PBXContainerItemProxy */ = {
			isa = PBXContainerItemProxy;
			containerPortal = 3A5467861AEA099F00BC0753 /* Project object */;
			proxyType = 1;
			remoteGlobalIDString = 3A54678D1AEA099F00BC0753;
			remoteInfo = MyAssessment;
		};
/* End PBXContainerItemProxy section */

/* Begin PBXFileReference section */
		3A54678E1AEA099F00BC0753 /* MyAssessment.app */ = {isa = PBXFileReference; explicitFileType = wrapper.application; includeInIndex = 0; path = MyAssessment.app; sourceTree = BUILT_PRODUCTS_DIR; };
		3A5467921AEA099F00BC0753 /* Info.plist */ = {isa = PBXFileReference; lastKnownFileType = text.plist.xml; path = Info.plist; sourceTree = "<group>"; };
		3A5467931AEA099F00BC0753 /* main.m */ = {isa = PBXFileReference; lastKnownFileType = sourcecode.c.objc; path = main.m; sourceTree = "<group>"; };
		3A5467951AEA099F00BC0753 /* AppDelegate.h */ = {isa = PBXFileReference; lastKnownFileType = sourcecode.c.h; path = AppDelegate.h; sourceTree = "<group>"; };
		3A5467961AEA099F00BC0753 /* AppDelegate.m */ = {isa = PBXFileReference; lastKnownFileType = sourcecode.c.objc; path = AppDelegate.m; sourceTree = "<group>"; };
		3A54679C1AEA099F00BC0753 /* Base */ = {isa = PBXFileReference; lastKnownFileType = file.storyboard; name = Base; path = Base.lproj/Main.storyboard; sourceTree = "<group>"; };
		3A54679E1AEA099F00BC0753 /* Images.xcassets */ = {isa = PBXFileReference; lastKnownFileType = folder.assetcatalog; path = Images.xcassets; sourceTree = "<group>"; };
		3A5467A11AEA099F00BC0753 /* Base */ = {isa = PBXFileReference; lastKnownFileType = file.xib; name = Base; path = Base.lproj/LaunchScreen.xib; sourceTree = "<group>"; };
		3A5467A71AEA099F00BC0753 /* MyAssessmentTests.xctest */ = {isa = PBXFileReference; explicitFileType = wrapper.cfbundle; includeInIndex = 0; path = MyAssessmentTests.xctest; sourceTree = BUILT_PRODUCTS_DIR; };
		3A5467AC1AEA099F00BC0753 /* Info.plist */ = {isa = PBXFileReference; lastKnownFileType = text.plist.xml; path = Info.plist; sourceTree = "<group>"; };
		3A5467AD1AEA099F00BC0753 /* MyAssessmentTests.m */ = {isa = PBXFileReference; lastKnownFileType = sourcecode.c.objc; path = MyAssessmentTests.m; sourceTree = "<group>"; };
		3A5467B71AEA0A3600BC0753 /* FirstViewController.h */ = {isa = PBXFileReference; fileEncoding = 4; lastKnownFileType = sourcecode.c.h; path = FirstViewController.h; sourceTree = "<group>"; };
		3A5467B81AEA0A3600BC0753 /* FirstViewController.m */ = {isa = PBXFileReference; fileEncoding = 4; lastKnownFileType = sourcecode.c.objc; path = FirstViewController.m; sourceTree = "<group>"; };
		3A5467BC1AEA0B6D00BC0753 /* SecondViewController.h */ = {isa = PBXFileReference; fileEncoding = 4; lastKnownFileType = sourcecode.c.h; path = SecondViewController.h; sourceTree = "<group>"; };
		3A5467BD1AEA0B6D00BC0753 /* SecondViewController.m */ = {isa = PBXFileReference; fileEncoding = 4; lastKnownFileType = sourcecode.c.objc; path = SecondViewController.m; sourceTree = "<group>"; };
		3A5467BF1AEA0D0000BC0753 /* CustomButton.m */ = {isa = PBXFileReference; fileEncoding = 4; lastKnownFileType = sourcecode.c.objc; path = CustomButton.m; sourceTree = "<group>"; };
		3A5467C01AEA0D0000BC0753 /* CustomButton.h */ = {isa = PBXFileReference; fileEncoding = 4; lastKnownFileType = sourcecode.c.h; path = CustomButton.h; sourceTree = "<group>"; };
		3A5467C21AEA27F200BC0753 /* ThirdTableViewController.h */ = {isa = PBXFileReference; fileEncoding = 4; lastKnownFileType = sourcecode.c.h; path = ThirdTableViewController.h; sourceTree = "<group>"; };
		3A5467C31AEA27F200BC0753 /* ThirdTableViewController.m */ = {isa = PBXFileReference; fileEncoding = 4; lastKnownFileType = sourcecode.c.objc; path = ThirdTableViewController.m; sourceTree = "<group>"; };
/* End PBXFileReference section */

/* Begin PBXFrameworksBuildPhase section */
		3A54678B1AEA099F00BC0753 /* Frameworks */ = {
			isa = PBXFrameworksBuildPhase;
			buildActionMask = 2147483647;
			files = (
			);
			runOnlyForDeploymentPostprocessing = 0;
		};
		3A5467A41AEA099F00BC0753 /* Frameworks */ = {
			isa = PBXFrameworksBuildPhase;
			buildActionMask = 2147483647;
			files = (
			);
			runOnlyForDeploymentPostprocessing = 0;
		};
/* End PBXFrameworksBuildPhase section */

/* Begin PBXGroup section */
		3A5467851AEA099F00BC0753 = {
			isa = PBXGroup;
			children = (
				3A5467901AEA099F00BC0753 /* MyAssessment */,
				3A5467AA1AEA099F00BC0753 /* MyAssessmentTests */,
				3A54678F1AEA099F00BC0753 /* Products */,
			);
			sourceTree = "<group>";
		};
		3A54678F1AEA099F00BC0753 /* Products */ = {
			isa = PBXGroup;
			children = (
				3A54678E1AEA099F00BC0753 /* MyAssessment.app */,
				3A5467A71AEA099F00BC0753 /* MyAssessmentTests.xctest */,
			);
			name = Products;
			sourceTree = "<group>";
		};
		3A5467901AEA099F00BC0753 /* MyAssessment */ = {
			isa = PBXGroup;
			children = (
				3A5467BB1AEA0A5300BC0753 /* View */,
				3A5467BA1AEA0A4000BC0753 /* Controller */,
				3A5467951AEA099F00BC0753 /* AppDelegate.h */,
				3A5467961AEA099F00BC0753 /* AppDelegate.m */,
				3A54679E1AEA099F00BC0753 /* Images.xcassets */,
				3A5467A01AEA099F00BC0753 /* LaunchScreen.xib */,
				3A5467911AEA099F00BC0753 /* Supporting Files */,
			);
			path = MyAssessment;
			sourceTree = "<group>";
		};
		3A5467911AEA099F00BC0753 /* Supporting Files */ = {
			isa = PBXGroup;
			children = (
				3A5467921AEA099F00BC0753 /* Info.plist */,
				3A5467931AEA099F00BC0753 /* main.m */,
			);
			name = "Supporting Files";
			sourceTree = "<group>";
		};
		3A5467AA1AEA099F00BC0753 /* MyAssessmentTests */ = {
			isa = PBXGroup;
			children = (
				3A5467AD1AEA099F00BC0753 /* MyAssessmentTests.m */,
				3A5467AB1AEA099F00BC0753 /* Supporting Files */,
			);
			path = MyAssessmentTests;
			sourceTree = "<group>";
		};
		3A5467AB1AEA099F00BC0753 /* Supporting Files */ = {
			isa = PBXGroup;
			children = (
				3A5467AC1AEA099F00BC0753 /* Info.plist */,
			);
			name = "Supporting Files";
			sourceTree = "<group>";
		};
		3A5467BA1AEA0A4000BC0753 /* Controller */ = {
			isa = PBXGroup;
			children = (
				3A5467B71AEA0A3600BC0753 /* FirstViewController.h */,
				3A5467B81AEA0A3600BC0753 /* FirstViewController.m */,
				3A5467BC1AEA0B6D00BC0753 /* SecondViewController.h */,
				3A5467BD1AEA0B6D00BC0753 /* SecondViewController.m */,
				3A5467C21AEA27F200BC0753 /* ThirdTableViewController.h */,
				3A5467C31AEA27F200BC0753 /* ThirdTableViewController.m */,
			);
			name = Controller;
			sourceTree = "<group>";
		};
		3A5467BB1AEA0A5300BC0753 /* View */ = {
			isa = PBXGroup;
			children = (
				3A54679B1AEA099F00BC0753 /* Main.storyboard */,
				3A5467C01AEA0D0000BC0753 /* CustomButton.h */,
				3A5467BF1AEA0D0000BC0753 /* CustomButton.m */,
			);
			name = View;
			sourceTree = "<group>";
		};
/* End PBXGroup section */

/* Begin PBXNativeTarget section */
		3A54678D1AEA099F00BC0753 /* MyAssessment */ = {
			isa = PBXNativeTarget;
			buildConfigurationList = 3A5467B11AEA099F00BC0753 /* Build configuration list for PBXNativeTarget "MyAssessment" */;
			buildPhases = (
				3A54678A1AEA099F00BC0753 /* Sources */,
				3A54678B1AEA099F00BC0753 /* Frameworks */,
				3A54678C1AEA099F00BC0753 /* Resources */,
			);
			buildRules = (
			);
			dependencies = (
			);
			name = MyAssessment;
			productName = MyAssessment;
			productReference = 3A54678E1AEA099F00BC0753 /* MyAssessment.app */;
			productType = "com.apple.product-type.application";
		};
		3A5467A61AEA099F00BC0753 /* MyAssessmentTests */ = {
			isa = PBXNativeTarget;
			buildConfigurationList = 3A5467B41AEA099F00BC0753 /* Build configuration list for PBXNativeTarget "MyAssessmentTests" */;
			buildPhases = (
				3A5467A31AEA099F00BC0753 /* Sources */,
				3A5467A41AEA099F00BC0753 /* Frameworks */,
				3A5467A51AEA099F00BC0753 /* Resources */,
			);
			buildRules = (
			);
			dependencies = (
				3A5467A91AEA099F00BC0753 /* PBXTargetDependency */,
			);
			name = MyAssessmentTests;
			productName = MyAssessmentTests;
			productReference = 3A5467A71AEA099F00BC0753 /* MyAssessmentTests.xctest */;
			productType = "com.apple.product-type.bundle.unit-test";
		};
/* End PBXNativeTarget section */

/* Begin PBXProject section */
		3A5467861AEA099F00BC0753 /* Project object */ = {
			isa = PBXProject;
			attributes = {
				LastUpgradeCheck = 0630;
				ORGANIZATIONNAME = "Asfanur Arafin";
				TargetAttributes = {
					3A54678D1AEA099F00BC0753 = {
						CreatedOnToolsVersion = 6.3;
					};
					3A5467A61AEA099F00BC0753 = {
						CreatedOnToolsVersion = 6.3;
						TestTargetID = 3A54678D1AEA099F00BC0753;
					};
				};
			};
			buildConfigurationList = 3A5467891AEA099F00BC0753 /* Build configuration list for PBXProject "MyAssessment" */;
			compatibilityVersion = "Xcode 3.2";
			developmentRegion = English;
			hasScannedForEncodings = 0;
			knownRegions = (
				en,
				Base,
			);
			mainGroup = 3A5467851AEA099F00BC0753;
			productRefGroup = 3A54678F1AEA099F00BC0753 /* Products */;
			projectDirPath = "";
			projectRoot = "";
			targets = (
				3A54678D1AEA099F00BC0753 /* MyAssessment */,
				3A5467A61AEA099F00BC0753 /* MyAssessmentTests */,
			);
		};
/* End PBXProject section */

/* Begin PBXResourcesBuildPhase section */
		3A54678C1AEA099F00BC0753 /* Resources */ = {
			isa = PBXResourcesBuildPhase;
			buildActionMask = 2147483647;
			files = (
				3A54679D1AEA099F00BC0753 /* Main.storyboard in Resources */,
				3A5467A21AEA099F00BC0753 /* LaunchScreen.xib in Resources */,
				3A54679F1AEA099F00BC0753 /* Images.xcassets in Resources */,
			);
			runOnlyForDeploymentPostprocessing = 0;
		};
		3A5467A51AEA099F00BC0753 /* Resources */ = {
			isa = PBXResourcesBuildPhase;
			buildActionMask = 2147483647;
			files = (
			);
			runOnlyForDeploymentPostprocessing = 0;
		};
/* End PBXResourcesBuildPhase section */

/* Begin PBXSourcesBuildPhase section */
		3A54678A1AEA099F00BC0753 /* Sources */ = {
			isa = PBXSourcesBuildPhase;
			buildActionMask = 2147483647;
			files = (
				3A5467BE1AEA0B6D00BC0753 /* SecondViewController.m in Sources */,
				3A5467C41AEA27F200BC0753 /* ThirdTableViewController.m in Sources */,
				3A5467C11AEA0D0000BC0753 /* CustomButton.m in Sources */,
				3A5467971AEA099F00BC0753 /* AppDelegate.m in Sources */,
				3A5467B91AEA0A3600BC0753 /* FirstViewController.m in Sources */,
				3A5467941AEA099F00BC0753 /* main.m in Sources */,
			);
			runOnlyForDeploymentPostprocessing = 0;
		};
		3A5467A31AEA099F00BC0753 /* Sources */ = {
			isa = PBXSourcesBuildPhase;
			buildActionMask = 2147483647;
			files = (
				3A5467AE1AEA099F00BC0753 /* MyAssessmentTests.m in Sources */,
			);
			runOnlyForDeploymentPostprocessing = 0;
		};
/* End PBXSourcesBuildPhase section */

/* Begin PBXTargetDependency section */
		3A5467A91AEA099F00BC0753 /* PBXTargetDependency */ = {
			isa = PBXTargetDependency;
			target = 3A54678D1AEA099F00BC0753 /* MyAssessment */;
			targetProxy = 3A5467A81AEA099F00BC0753 /* PBXContainerItemProxy */;
		};
/* End PBXTargetDependency section */

/* Begin PBXVariantGroup section */
		3A54679B1AEA099F00BC0753 /* Main.storyboard */ = {
			isa = PBXVariantGroup;
			children = (
				3A54679C1AEA099F00BC0753 /* Base */,
			);
			name = Main.storyboard;
			sourceTree = "<group>";
		};
		3A5467A01AEA099F00BC0753 /* LaunchScreen.xib */ = {
			isa = PBXVariantGroup;
			children = (
				3A5467A11AEA099F00BC0753 /* Base */,
			);
			name = LaunchScreen.xib;
			sourceTree = "<group>";
		};
/* End PBXVariantGroup section */

/* Begin XCBuildConfiguration section */
		3A5467AF1AEA099F00BC0753 /* Debug */ = {
			isa = XCBuildConfiguration;
			buildSettings = {
				ALWAYS_SEARCH_USER_PATHS = NO;
				CLANG_CXX_LANGUAGE_STANDARD = "gnu++0x";
				CLANG_CXX_LIBRARY = "libc++";
				CLANG_ENABLE_MODULES = YES;
				CLANG_ENABLE_OBJC_ARC = YES;
				CLANG_WARN_BOOL_CONVERSION = YES;
				CLANG_WARN_CONSTANT_CONVERSION = YES;
				CLANG_WARN_DIRECT_OBJC_ISA_USAGE = YES_ERROR;
				CLANG_WARN_EMPTY_BODY = YES;
				CLANG_WARN_ENUM_CONVERSION = YES;
				CLANG_WARN_INT_CONVERSION = YES;
				CLANG_WARN_OBJC_ROOT_CLASS = YES_ERROR;
				CLANG_WARN_UNREACHABLE_CODE = YES;
				CLANG_WARN__DUPLICATE_METHOD_MATCH = YES;
				"CODE_SIGN_IDENTITY[sdk=iphoneos*]" = "iPhone Developer";
				COPY_PHASE_STRIP = NO;
				DEBUG_INFORMATION_FORMAT = "dwarf-with-dsym";
				ENABLE_STRICT_OBJC_MSGSEND = YES;
				GCC_C_LANGUAGE_STANDARD = gnu99;
				GCC_DYNAMIC_NO_PIC = NO;
				GCC_NO_COMMON_BLOCKS = YES;
				GCC_OPTIMIZATION_LEVEL = 0;
				GCC_PREPROCESSOR_DEFINITIONS = (
					"DEBUG=1",
					"$(inherited)",
				);
				GCC_SYMBOLS_PRIVATE_EXTERN = NO;
				GCC_WARN_64_TO_32_BIT_CONVERSION = YES;
				GCC_WARN_ABOUT_RETURN_TYPE = YES_ERROR;
				GCC_WARN_UNDECLARED_SELECTOR = YES;
				GCC_WARN_UNINITIALIZED_AUTOS = YES_AGGRESSIVE;
				GCC_WARN_UNUSED_FUNCTION = YES;
				GCC_WARN_UNUSED_VARIABLE = YES;
				IPHONEOS_DEPLOYMENT_TARGET = 8.3;
				MTL_ENABLE_DEBUG_INFO = YES;
				ONLY_ACTIVE_ARCH = YES;
				SDKROOT = iphoneos;
				TARGETED_DEVICE_FAMILY = "1,2";
			};
			name = Debug;
		};
		3A5467B01AEA099F00BC0753 /* Release */ = {
			isa = XCBuildConfiguration;
			buildSettings = {
				ALWAYS_SEARCH_USER_PATHS = NO;
				CLANG_CXX_LANGUAGE_STANDARD = "gnu++0x";
				CLANG_CXX_LIBRARY = "libc++";
				CLANG_ENABLE_MODULES = YES;
				CLANG_ENABLE_OBJC_ARC = YES;
				CLANG_WARN_BOOL_CONVERSION = YES;
				CLANG_WARN_CONSTANT_CONVERSION = YES;
				CLANG_WARN_DIRECT_OBJC_ISA_USAGE = YES_ERROR;
				CLANG_WARN_EMPTY_BODY = YES;
				CLANG_WARN_ENUM_CONVERSION = YES;
				CLANG_WARN_INT_CONVERSION = YES;
				CLANG_WARN_OBJC_ROOT_CLASS = YES_ERROR;
				CLANG_WARN_UNREACHABLE_CODE = YES;
				CLANG_WARN__DUPLICATE_METHOD_MATCH = YES;
				"CODE_SIGN_IDENTITY[sdk=iphoneos*]" = "iPhone Developer";
				COPY_PHASE_STRIP = NO;
				DEBUG_INFORMATION_FORMAT = "dwarf-with-dsym";
				ENABLE_NS_ASSERTIONS = NO;
				ENABLE_STRICT_OBJC_MSGSEND = YES;
				GCC_C_LANGUAGE_STANDARD = gnu99;
				GCC_NO_COMMON_BLOCKS = YES;
				GCC_WARN_64_TO_32_BIT_CONVERSION = YES;
				GCC_WARN_ABOUT_RETURN_TYPE = YES_ERROR;
				GCC_WARN_UNDECLARED_SELECTOR = YES;
				GCC_WARN_UNINITIALIZED_AUTOS = YES_AGGRESSIVE;
				GCC_WARN_UNUSED_FUNCTION = YES;
				GCC_WARN_UNUSED_VARIABLE = YES;
				IPHONEOS_DEPLOYMENT_TARGET = 8.3;
				MTL_ENABLE_DEBUG_INFO = NO;
				SDKROOT = iphoneos;
				TARGETED_DEVICE_FAMILY = "1,2";
				VALIDATE_PRODUCT = YES;
			};
			name = Release;
		};
		3A5467B21AEA099F00BC0753 /* Debug */ = {
			isa = XCBuildConfiguration;
			buildSettings = {
				ASSETCATALOG_COMPILER_APPICON_NAME = AppIcon;
				INFOPLIST_FILE = MyAssessment/Info.plist;
				LD_RUNPATH_SEARCH_PATHS = "$(inherited) @executable_path/Frameworks";
				PRODUCT_NAME = "$(TARGET_NAME)";
			};
			name = Debug;
		};
		3A5467B31AEA099F00BC0753 /* Release */ = {
			isa = XCBuildConfiguration;
			buildSettings = {
				ASSETCATALOG_COMPILER_APPICON_NAME = AppIcon;
				INFOPLIST_FILE = MyAssessment/Info.plist;
				LD_RUNPATH_SEARCH_PATHS = "$(inherited) @executable_path/Frameworks";
				PRODUCT_NAME = "$(TARGET_NAME)";
			};
			name = Release;
		};
		3A5467B51AEA099F00BC0753 /* Debug */ = {
			isa = XCBuildConfiguration;
			buildSettings = {
				BUNDLE_LOADER = "$(TEST_HOST)";
				FRAMEWORK_SEARCH_PATHS = (
					"$(SDKROOT)/Developer/Library/Frameworks",
					"$(inherited)",
				);
				GCC_PREPROCESSOR_DEFINITIONS = (
					"DEBUG=1",
					"$(inherited)",
				);
				INFOPLIST_FILE = MyAssessmentTests/Info.plist;
				LD_RUNPATH_SEARCH_PATHS = "$(inherited) @executable_path/Frameworks @loader_path/Frameworks";
				PRODUCT_NAME = "$(TARGET_NAME)";
				TEST_HOST = "$(BUILT_PRODUCTS_DIR)/MyAssessment.app/MyAssessment";
			};
			name = Debug;
		};
		3A5467B61AEA099F00BC0753 /* Release */ = {
			isa = XCBuildConfiguration;
			buildSettings = {
				BUNDLE_LOADER = "$(TEST_HOST)";
				FRAMEWORK_SEARCH_PATHS = (
					"$(SDKROOT)/Developer/Library/Frameworks",
					"$(inherited)",
				);
				INFOPLIST_FILE = MyAssessmentTests/Info.plist;
				LD_RUNPATH_SEARCH_PATHS = "$(inherited) @executable_path/Frameworks @loader_path/Frameworks";
				PRODUCT_NAME = "$(TARGET_NAME)";
				TEST_HOST = "$(BUILT_PRODUCTS_DIR)/MyAssessment.app/MyAssessment";
			};
			name = Release;
		};
/* End XCBuildConfiguration section */

/* Begin XCConfigurationList section */
		3A5467891AEA099F00BC0753 /* Build configuration list for PBXProject "MyAssessment" */ = {
			isa = XCConfigurationList;
			buildConfigurations = (
				3A5467AF1AEA099F00BC0753 /* Debug */,
				3A5467B01AEA099F00BC0753 /* Release */,
			);
			defaultConfigurationIsVisible = 0;
			defaultConfigurationName = Release;
		};
		3A5467B11AEA099F00BC0753 /* Build configuration list for PBXNativeTarget "MyAssessment" */ = {
			isa = XCConfigurationList;
			buildConfigurations = (
				3A5467B21AEA099F00BC0753 /* Debug */,
				3A5467B31AEA099F00BC0753 /* Release */,
			);
			defaultConfigurationIsVisible = 0;
		};
		3A5467B41AEA099F00BC0753 /* Build configuration list for PBXNativeTarget "MyAssessmentTests" */ = {
			isa = XCConfigurationList;
			buildConfigurations = (
				3A5467B51AEA099F00BC0753 /* Debug */,
				3A5467B61AEA099F00BC0753 /* Release */,
			);
			defaultConfigurationIsVisible = 0;
		};
/* End XCConfigurationList section */
	};
	rootObject = 3A5467861AEA099F00BC0753 /* Project object */;
}
